
Microsoft Visual Studio Solution File, Format Version 12.00
Project("{FAE04EC0-301F-11D3-BF4B-00C04F79EFBC}") = "Controller_based_API", "Controller_based_API\Controller_based_API.csproj", "{65A5413C-49CE-4319-BA19-D18565B2643B}"
EndProject
Global
	GlobalSection(SolutionConfigurationPlatforms) = preSolution
		Debug|Any CPU = Debug|Any CPU
		Release|Any CPU = Release|Any CPU
	EndGlobalSection
	GlobalSection(ProjectConfigurationPlatforms) = postSolution
		{65A5413C-49CE-4319-BA19-D18565B2643B}.Debug|Any CPU.ActiveCfg = Debug|Any CPU
		{65A5413C-49CE-4319-BA19-D18565B2643B}.Debug|Any CPU.Build.0 = Debug|Any CPU
		{65A5413C-49CE-4319-BA19-D18565B2643B}.Release|Any CPU.ActiveCfg = Release|Any CPU
		{65A5413C-49CE-4319-BA19-D18565B2643B}.Release|Any CPU.Build.0 = Release|Any CPU
	EndGlobalSection
EndGlobal
